
Microsoft Visual Studio Solution File, Format Version 12.00
# Visual Studio Version 17
VisualStudioVersion = 17.9.34616.47
MinimumVisualStudioVersion = 10.0.40219.1
Project("{FAE04EC0-301F-11D3-BF4B-00C04F79EFBC}") = "OnlineLibraryBackend", "OnlineLibraryBackend\OnlineLibraryBackend.csproj", "{BA3F67F2-CD87-4688-8530-72A7DA400C43}"
EndProject
Global
	GlobalSection(SolutionConfigurationPlatforms) = preSolution
		Debug|Any CPU = Debug|Any CPU
		Release|Any CPU = Release|Any CPU
	EndGlobalSection
	GlobalSection(ProjectConfigurationPlatforms) = postSolution
		{BA3F67F2-CD87-4688-8530-72A7DA400C43}.Debug|Any CPU.ActiveCfg = Debug|Any CPU
		{BA3F67F2-CD87-4688-8530-72A7DA400C43}.Debug|Any CPU.Build.0 = Debug|Any CPU
		{BA3F67F2-CD87-4688-8530-72A7DA400C43}.Release|Any CPU.ActiveCfg = Release|Any CPU
		{BA3F67F2-CD87-4688-8530-72A7DA400C43}.Release|Any CPU.Build.0 = Release|Any CPU
	EndGlobalSection
	GlobalSection(SolutionProperties) = preSolution
		HideSolutionNode = FALSE
	EndGlobalSection
	GlobalSection(ExtensibilityGlobals) = postSolution
		SolutionGuid = {328CCA16-8DE7-4280-B978-729503C08212}
	EndGlobalSection
EndGlobal
